
Microsoft Visual Studio Solution File, Format Version 10.00
# Visual Studio 2008
Project("{8BC9CEB8-8B4A-11D0-8D11-00A0C91BC942}") = "ray_march", "ray_march\ray_march.vcproj", "{072EAC61-D9A7-44AD-86FF-06ADC99C6096}"
EndProject
Global
	GlobalSection(SolutionConfigurationPlatforms) = preSolution
		Debug|Win32 = Debug|Win32
		Release|Win32 = Release|Win32
		ScreensaverDebug|Win32 = ScreensaverDebug|Win32
		ScreensaverDebugXP|Win32 = ScreensaverDebugXP|Win32
		ScreensaverRelease|Win32 = ScreensaverRelease|Win32
		ScreensaverReleaseXP|Win32 = ScreensaverReleaseXP|Win32
	EndGlobalSection
	GlobalSection(ProjectConfigurationPlatforms) = postSolution
		{072EAC61-D9A7-44AD-86FF-06ADC99C6096}.Debug|Win32.ActiveCfg = Debug|Win32
		{072EAC61-D9A7-44AD-86FF-06ADC99C6096}.Debug|Win32.Build.0 = Debug|Win32
		{072EAC61-D9A7-44AD-86FF-06ADC99C6096}.Release|Win32.ActiveCfg = Release|Win32
		{072EAC61-D9A7-44AD-86FF-06ADC99C6096}.Release|Win32.Build.0 = Release|Win32
		{072EAC61-D9A7-44AD-86FF-06ADC99C6096}.ScreensaverDebug|Win32.ActiveCfg = Debug|Win32
		{072EAC61-D9A7-44AD-86FF-06ADC99C6096}.ScreensaverDebug|Win32.Build.0 = Debug|Win32
		{072EAC61-D9A7-44AD-86FF-06ADC99C6096}.ScreensaverDebugXP|Win32.ActiveCfg = Debug|Win32
		{072EAC61-D9A7-44AD-86FF-06ADC99C6096}.ScreensaverDebugXP|Win32.Build.0 = Debug|Win32
		{072EAC61-D9A7-44AD-86FF-06ADC99C6096}.ScreensaverRelease|Win32.ActiveCfg = Release|Win32
		{072EAC61-D9A7-44AD-86FF-06ADC99C6096}.ScreensaverRelease|Win32.Build.0 = Release|Win32
		{072EAC61-D9A7-44AD-86FF-06ADC99C6096}.ScreensaverReleaseXP|Win32.ActiveCfg = Release|Win32
		{072EAC61-D9A7-44AD-86FF-06ADC99C6096}.ScreensaverReleaseXP|Win32.Build.0 = Release|Win32
	EndGlobalSection
	GlobalSection(SolutionProperties) = preSolution
		HideSolutionNode = FALSE
	EndGlobalSection
EndGlobal
